
Microsoft Visual Studio Solution File, Format Version 12.00
# Visual Studio Version 16
VisualStudioVersion = 16.0.31515.178
MinimumVisualStudioVersion = 10.0.40219.1
Project("{FAE04EC0-301F-11D3-BF4B-00C04F79EFBC}") = "DemoApp", "DemoApp\DemoApp.csproj", "{B1789CB1-E63C-4E2F-AE34-A2EB8040C551}"
EndProject
Global
	GlobalSection(SolutionConfigurationPlatforms) = preSolution
		Debug|Any CPU = Debug|Any CPU
		Release|Any CPU = Release|Any CPU
	EndGlobalSection
	GlobalSection(ProjectConfigurationPlatforms) = postSolution
		{B1789CB1-E63C-4E2F-AE34-A2EB8040C551}.Debug|Any CPU.ActiveCfg = Debug|Any CPU
		{B1789CB1-E63C-4E2F-AE34-A2EB8040C551}.Debug|Any CPU.Build.0 = Debug|Any CPU
		{B1789CB1-E63C-4E2F-AE34-A2EB8040C551}.Release|Any CPU.ActiveCfg = Release|Any CPU
		{B1789CB1-E63C-4E2F-AE34-A2EB8040C551}.Release|Any CPU.Build.0 = Release|Any CPU
	EndGlobalSection
	GlobalSection(SolutionProperties) = preSolution
		HideSolutionNode = FALSE
	EndGlobalSection
	GlobalSection(ExtensibilityGlobals) = postSolution
		SolutionGuid = {17ECA1E5-9646-4140-B0F7-8E8D303327BD}
	EndGlobalSection
EndGlobal
