
Microsoft Visual Studio Solution File, Format Version 12.00
# Visual Studio Version 16
VisualStudioVersion = 16.0.31515.178
MinimumVisualStudioVersion = 10.0.40219.1
Project("{FAE04EC0-301F-11D3-BF4B-00C04F79EFBC}") = "EnumExampleApp", "EnumExampleApp\EnumExampleApp.csproj", "{191806FA-D5D5-479C-AE6D-57E4B4473DB2}"
EndProject
Global
	GlobalSection(SolutionConfigurationPlatforms) = preSolution
		Debug|Any CPU = Debug|Any CPU
		Release|Any CPU = Release|Any CPU
	EndGlobalSection
	GlobalSection(ProjectConfigurationPlatforms) = postSolution
		{191806FA-D5D5-479C-AE6D-57E4B4473DB2}.Debug|Any CPU.ActiveCfg = Debug|Any CPU
		{191806FA-D5D5-479C-AE6D-57E4B4473DB2}.Debug|Any CPU.Build.0 = Debug|Any CPU
		{191806FA-D5D5-479C-AE6D-57E4B4473DB2}.Release|Any CPU.ActiveCfg = Release|Any CPU
		{191806FA-D5D5-479C-AE6D-57E4B4473DB2}.Release|Any CPU.Build.0 = Release|Any CPU
	EndGlobalSection
	GlobalSection(SolutionProperties) = preSolution
		HideSolutionNode = FALSE
	EndGlobalSection
	GlobalSection(ExtensibilityGlobals) = postSolution
		SolutionGuid = {FF7EF8CE-E96F-471E-8EE8-73C8F612F501}
	EndGlobalSection
EndGlobal
