
Microsoft Visual Studio Solution File, Format Version 12.00
# Visual Studio Version 16
VisualStudioVersion = 16.0.31515.178
MinimumVisualStudioVersion = 10.0.40219.1
Project("{FAE04EC0-301F-11D3-BF4B-00C04F79EFBC}") = "OOPExample", "OOPExample\OOPExample.csproj", "{412AF289-2244-4461-91B9-7E53BA1A649F}"
EndProject
Global
	GlobalSection(SolutionConfigurationPlatforms) = preSolution
		Debug|Any CPU = Debug|Any CPU
		Release|Any CPU = Release|Any CPU
	EndGlobalSection
	GlobalSection(ProjectConfigurationPlatforms) = postSolution
		{412AF289-2244-4461-91B9-7E53BA1A649F}.Debug|Any CPU.ActiveCfg = Debug|Any CPU
		{412AF289-2244-4461-91B9-7E53BA1A649F}.Debug|Any CPU.Build.0 = Debug|Any CPU
		{412AF289-2244-4461-91B9-7E53BA1A649F}.Release|Any CPU.ActiveCfg = Release|Any CPU
		{412AF289-2244-4461-91B9-7E53BA1A649F}.Release|Any CPU.Build.0 = Release|Any CPU
	EndGlobalSection
	GlobalSection(SolutionProperties) = preSolution
		HideSolutionNode = FALSE
	EndGlobalSection
	GlobalSection(ExtensibilityGlobals) = postSolution
		SolutionGuid = {67986ABB-8BCF-4D8A-A75F-EB14C347319C}
	EndGlobalSection
EndGlobal
