
Microsoft Visual Studio Solution File, Format Version 12.00
# Visual Studio Version 16
VisualStudioVersion = 16.0.31515.178
MinimumVisualStudioVersion = 10.0.40219.1
Project("{FAE04EC0-301F-11D3-BF4B-00C04F79EFBC}") = "InheritenceExample", "InheritenceExample\InheritenceExample.csproj", "{16926A6C-8664-405C-949D-3B1D46DC62FF}"
EndProject
Global
	GlobalSection(SolutionConfigurationPlatforms) = preSolution
		Debug|Any CPU = Debug|Any CPU
		Release|Any CPU = Release|Any CPU
	EndGlobalSection
	GlobalSection(ProjectConfigurationPlatforms) = postSolution
		{16926A6C-8664-405C-949D-3B1D46DC62FF}.Debug|Any CPU.ActiveCfg = Debug|Any CPU
		{16926A6C-8664-405C-949D-3B1D46DC62FF}.Debug|Any CPU.Build.0 = Debug|Any CPU
		{16926A6C-8664-405C-949D-3B1D46DC62FF}.Release|Any CPU.ActiveCfg = Release|Any CPU
		{16926A6C-8664-405C-949D-3B1D46DC62FF}.Release|Any CPU.Build.0 = Release|Any CPU
	EndGlobalSection
	GlobalSection(SolutionProperties) = preSolution
		HideSolutionNode = FALSE
	EndGlobalSection
	GlobalSection(ExtensibilityGlobals) = postSolution
		SolutionGuid = {964CE89C-9145-4F80-A2DE-AC825CE2DA69}
	EndGlobalSection
EndGlobal
