
Microsoft Visual Studio Solution File, Format Version 12.00
# Visual Studio Version 16
VisualStudioVersion = 16.0.31515.178
MinimumVisualStudioVersion = 10.0.40219.1
Project("{FAE04EC0-301F-11D3-BF4B-00C04F79EFBC}") = "faysal", "faysal\faysal.csproj", "{4BEE8EF2-2DC7-4821-96F6-8556A25C9BB9}"
EndProject
Global
	GlobalSection(SolutionConfigurationPlatforms) = preSolution
		Debug|Any CPU = Debug|Any CPU
		Release|Any CPU = Release|Any CPU
	EndGlobalSection
	GlobalSection(ProjectConfigurationPlatforms) = postSolution
		{4BEE8EF2-2DC7-4821-96F6-8556A25C9BB9}.Debug|Any CPU.ActiveCfg = Debug|Any CPU
		{4BEE8EF2-2DC7-4821-96F6-8556A25C9BB9}.Debug|Any CPU.Build.0 = Debug|Any CPU
		{4BEE8EF2-2DC7-4821-96F6-8556A25C9BB9}.Release|Any CPU.ActiveCfg = Release|Any CPU
		{4BEE8EF2-2DC7-4821-96F6-8556A25C9BB9}.Release|Any CPU.Build.0 = Release|Any CPU
	EndGlobalSection
	GlobalSection(SolutionProperties) = preSolution
		HideSolutionNode = FALSE
	EndGlobalSection
	GlobalSection(ExtensibilityGlobals) = postSolution
		SolutionGuid = {F82C5451-FFC5-4D59-B831-337906EA59B6}
	EndGlobalSection
EndGlobal
