
Microsoft Visual Studio Solution File, Format Version 12.00
# Visual Studio Version 16
VisualStudioVersion = 16.0.31515.178
MinimumVisualStudioVersion = 10.0.40219.1
Project("{FAE04EC0-301F-11D3-BF4B-00C04F79EFBC}") = "TestWebApp", "TestWebApp\TestWebApp.csproj", "{FAF7F1BF-B285-4B9D-B802-8B2F40D5E08F}"
EndProject
Global
	GlobalSection(SolutionConfigurationPlatforms) = preSolution
		Debug|Any CPU = Debug|Any CPU
		Release|Any CPU = Release|Any CPU
	EndGlobalSection
	GlobalSection(ProjectConfigurationPlatforms) = postSolution
		{FAF7F1BF-B285-4B9D-B802-8B2F40D5E08F}.Debug|Any CPU.ActiveCfg = Debug|Any CPU
		{FAF7F1BF-B285-4B9D-B802-8B2F40D5E08F}.Debug|Any CPU.Build.0 = Debug|Any CPU
		{FAF7F1BF-B285-4B9D-B802-8B2F40D5E08F}.Release|Any CPU.ActiveCfg = Release|Any CPU
		{FAF7F1BF-B285-4B9D-B802-8B2F40D5E08F}.Release|Any CPU.Build.0 = Release|Any CPU
	EndGlobalSection
	GlobalSection(SolutionProperties) = preSolution
		HideSolutionNode = FALSE
	EndGlobalSection
	GlobalSection(ExtensibilityGlobals) = postSolution
		SolutionGuid = {90F95C95-7B8F-42BC-8092-DF7BB8FF45D3}
	EndGlobalSection
EndGlobal
